PODS:
  - Expecta (1.0.6)
  - MemfaultCloud (2.2.1)
  - OCHamcrest (9.0.3)
  - OCMockito (7.0.2):
    - OCHamcrest (~> 9.0)
  - Specta (2.0.0)

DEPENDENCIES:
  - Expecta (= 1.0.6)
  - MemfaultCloud (from `../`)
  - OCHamcrest (= 9.0.3)
  - OCMockito (= 7.0.2)
  - Specta (= 2.0.0)

SPEC REPOS:
  https://github.com/cocoapods/specs.git:
    - Expecta
    - OCHamcrest
    - OCMockito
    - Specta

EXTERNAL SOURCES:
  MemfaultCloud:
    :path: "../"

SPEC CHECKSUMS:
  Expecta: 3b6bd90a64b9a1dcb0b70aa0e10a7f8f631667d5
  MemfaultCloud: 8bc75e025c0b70eab8d676f4269c1fa2829b27d5
  OCHamcrest: f8185bd5d90c25317e36856f079e43ef8b84b02d
  OCMockito: 6e00e5d888305c3631928e0137853be8877352c1
  Specta: b79d84043684b35ffdc2680df578dc318ec2efc2

PODFILE CHECKSUM: 4a1c0815fe5b6f3c7de7639c60df9325a54e8667

COCOAPODS: 1.5.2
