PODS:
  - Expecta (1.0.6)
  - MemfaultCloud (2.1.0)
  - OCHamcrest (7.1.1)
  - OCMockito (5.1.1):
    - OCHamcrest (~> 7.0)
  - Specta (1.0.7)

DEPENDENCIES:
  - Expecta (= 1.0.6)
  - MemfaultCloud (from `../`)
  - OCHamcrest (= 7.1.1)
  - OCMockito (= 5.1.1)
  - Specta (= 1.0.7)

SPEC REPOS:
  https://github.com/CocoaPods/Specs.git:
    - Expecta
    - OCHamcrest
    - OCMockito
    - Specta

EXTERNAL SOURCES:
  MemfaultCloud:
    :path: "../"

SPEC CHECKSUMS:
  Expecta: 3b6bd90a64b9a1dcb0b70aa0e10a7f8f631667d5
  MemfaultCloud: bed76aefd127337d1d9dda4bf22eb96c84803a40
  OCHamcrest: 3506736397451c35d8763ff0a9b13492e544115f
  OCMockito: eccb29c256cbdd6c7bc206718cbb06ef737daa8b
  Specta: 3e1bd89c3517421982dc4d1c992503e48bd5fe66

PODFILE CHECKSUM: b2baf644789fa44a22fec874c96a74f27e5c89ff

COCOAPODS: 1.8.4
