// !$*UTF8*$!
{
	archiveVersion = 1;
	classes = {
	};
	objectVersion = 46;
	objects = {

/* Begin PBXBuildFile section */
		6003F5B0195388D20070C39A /* XCTest.framework in Frameworks */ = {isa = PBXBuildFile; fileRef = 6003F5AF195388D20070C39A /* XCTest.framework */; };
		6003F5B1195388D20070C39A /* Foundation.framework in Frameworks */ = {isa = PBXBuildFile; fileRef = 6003F58D195388D20070C39A /* Foundation.framework */; };
		6003F5B2195388D20070C39A /* UIKit.framework in Frameworks */ = {isa = PBXBuildFile; fileRef = 6003F591195388D20070C39A /* UIKit.framework */; };
		6003F5BA195388D20070C39A /* InfoPlist.strings in Resources */ = {isa = PBXBuildFile; fileRef = 6003F5B8195388D20070C39A /* InfoPlist.strings */; };
		6290DAC22E90A81F2DF03446 /* Pods_MemfaultCloud_DemoApp.framework in Frameworks */ = {isa = PBXBuildFile; fileRef = 03118EF0B9B3BC01E836DA89 /* Pods_MemfaultCloud_DemoApp.framework */; };
		7013651723CCEE1E002C9584 /* TestMemfaultApiPostChunks.m in Sources */ = {isa = PBXBuildFile; fileRef = 7013651623CCEE1D002C9584 /* TestMemfaultApiPostChunks.m */; };
		707B260B24196B9700000CAB /* TestChunkSender.m in Sources */ = {isa = PBXBuildFile; fileRef = 707B260A24196B9700000CAB /* TestChunkSender.m */; };
		7086CB0023C8D8F10019D47E /* AppDelegate.swift in Sources */ = {isa = PBXBuildFile; fileRef = 7086CAFF23C8D8F10019D47E /* AppDelegate.swift */; };
		7086CB0723C8D8F10019D47E /* Main.storyboard in Resources */ = {isa = PBXBuildFile; fileRef = 7086CB0523C8D8F10019D47E /* Main.storyboard */; };
		7086CB0923C8D8F40019D47E /* Assets.xcassets in Resources */ = {isa = PBXBuildFile; fileRef = 7086CB0823C8D8F40019D47E /* Assets.xcassets */; };
		7086CB0C23C8D8F40019D47E /* LaunchScreen.storyboard in Resources */ = {isa = PBXBuildFile; fileRef = 7086CB0A23C8D8F40019D47E /* LaunchScreen.storyboard */; };
		7086CB1423C8DACF0019D47E /* MainMenuTableViewController.swift in Sources */ = {isa = PBXBuildFile; fileRef = 7086CB1323C8DACF0019D47E /* MainMenuTableViewController.swift */; };
		7086CB1723CC80100019D47E /* TestMemfaultApi.m in Sources */ = {isa = PBXBuildFile; fileRef = 7086CB1523CC80100019D47E /* TestMemfaultApi.m */; };
		70EC1F022417D18700224004 /* TestTemporaryChunkQueue.m in Sources */ = {isa = PBXBuildFile; fileRef = 70EC1F012417D18700224004 /* TestTemporaryChunkQueue.m */; };
		70EC1F042417E51B00224004 /* TestChunkSenderRegistry.m in Sources */ = {isa = PBXBuildFile; fileRef = 70EC1F032417E51B00224004 /* TestChunkSenderRegistry.m */; };
		D015AABEA720F7B10EAA6AAE /* Pods_MemfaultCloud_Tests.framework in Frameworks */ = {isa = PBXBuildFile; fileRef = 9CDA900D133CA489F9104286 /* Pods_MemfaultCloud_Tests.framework */; };
/* End PBXBuildFile section */

/* Begin PBXContainerItemProxy section */
		7086CB1123C8D94A0019D47E /* PBXContainerItemProxy */ = {
			isa = PBXContainerItemProxy;
			containerPortal = 6003F582195388D10070C39A /* Project object */;
			proxyType = 1;
			remoteGlobalIDString = 7086CAFC23C8D8F10019D47E;
			remoteInfo = MemfaultCloud_DemoApp;
		};
/* End PBXContainerItemProxy section */

/* Begin PBXFileReference section */
		03118EF0B9B3BC01E836DA89 /* Pods_MemfaultCloud_DemoApp.framework */ = {isa = PBXFileReference; explicitFileType = wrapper.framework; includeInIndex = 0; path = Pods_MemfaultCloud_DemoApp.framework; sourceTree = BUILT_PRODUCTS_DIR; };
		387559F387DF403786397F74 /* README.md */ = {isa = PBXFileReference; includeInIndex = 1; lastKnownFileType = net.daringfireball.markdown; name = README.md; path = ../README.md; sourceTree = "<group>"; };
		3EFDEA096A593AB4709221D5 /* Pods-MemfaultCloud_Tests.release.xcconfig */ = {isa = PBXFileReference; includeInIndex = 1; lastKnownFileType = text.xcconfig; name = "Pods-MemfaultCloud_Tests.release.xcconfig"; path = "Target Support Files/Pods-MemfaultCloud_Tests/Pods-MemfaultCloud_Tests.release.xcconfig"; sourceTree = "<group>"; };
		55F0033D84760CC726EF33C9 /* LICENSE */ = {isa = PBXFileReference; includeInIndex = 1; lastKnownFileType = text; name = LICENSE; path = ../LICENSE; sourceTree = "<group>"; };
		6003F58D195388D20070C39A /* Foundation.framework */ = {isa = PBXFileReference; lastKnownFileType = wrapper.framework; name = Foundation.framework; path = System/Library/Frameworks/Foundation.framework; sourceTree = SDKROOT; };
		6003F58F195388D20070C39A /* CoreGraphics.framework */ = {isa = PBXFileReference; lastKnownFileType = wrapper.framework; name = CoreGraphics.framework; path = System/Library/Frameworks/CoreGraphics.framework; sourceTree = SDKROOT; };
		6003F591195388D20070C39A /* UIKit.framework */ = {isa = PBXFileReference; lastKnownFileType = wrapper.framework; name = UIKit.framework; path = System/Library/Frameworks/UIKit.framework; sourceTree = SDKROOT; };
		6003F5AE195388D20070C39A /* MemfaultCloud_Tests.xctest */ = {isa = PBXFileReference; explicitFileType = wrapper.cfbundle; includeInIndex = 0; path = MemfaultCloud_Tests.xctest; sourceTree = BUILT_PRODUCTS_DIR; };
		6003F5AF195388D20070C39A /* XCTest.framework */ = {isa = PBXFileReference; lastKnownFileType = wrapper.framework; name = XCTest.framework; path = Library/Frameworks/XCTest.framework; sourceTree = DEVELOPER_DIR; };
		6003F5B7195388D20070C39A /* Tests-Info.plist */ = {isa = PBXFileReference; lastKnownFileType = text.plist.xml; path = "Tests-Info.plist"; sourceTree = "<group>"; };
		6003F5B9195388D20070C39A /* en */ = {isa = PBXFileReference; lastKnownFileType = text.plist.strings; name = en; path = en.lproj/InfoPlist.strings; sourceTree = "<group>"; };
		606FC2411953D9B200FFA9A0 /* Tests-Prefix.pch */ = {isa = PBXFileReference; lastKnownFileType = sourcecode.c.h; path = "Tests-Prefix.pch"; sourceTree = "<group>"; };
		64422A639E9762783A1E9226 /* Pods-MemfaultCloud_Tests.debug.xcconfig */ = {isa = PBXFileReference; includeInIndex = 1; lastKnownFileType = text.xcconfig; name = "Pods-MemfaultCloud_Tests.debug.xcconfig"; path = "Target Support Files/Pods-MemfaultCloud_Tests/Pods-MemfaultCloud_Tests.debug.xcconfig"; sourceTree = "<group>"; };
		68911372CC3E6985A20D1B6F /* Pods-MemfaultCloud_DemoApp.release.xcconfig */ = {isa = PBXFileReference; includeInIndex = 1; lastKnownFileType = text.xcconfig; name = "Pods-MemfaultCloud_DemoApp.release.xcconfig"; path = "Target Support Files/Pods-MemfaultCloud_DemoApp/Pods-MemfaultCloud_DemoApp.release.xcconfig"; sourceTree = "<group>"; };
		7013651623CCEE1D002C9584 /* TestMemfaultApiPostChunks.m */ = {isa = PBXFileReference; fileEncoding = 4; lastKnownFileType = sourcecode.c.objc; path = TestMemfaultApiPostChunks.m; sourceTree = "<group>"; };
		707B260A24196B9700000CAB /* TestChunkSender.m */ = {isa = PBXFileReference; fileEncoding = 4; lastKnownFileType = sourcecode.c.objc; path = TestChunkSender.m; sourceTree = "<group>"; };
		7086CAFD23C8D8F10019D47E /* MemfaultCloud_DemoApp.app */ = {isa = PBXFileReference; explicitFileType = wrapper.application; includeInIndex = 0; path = MemfaultCloud_DemoApp.app; sourceTree = BUILT_PRODUCTS_DIR; };
		7086CAFF23C8D8F10019D47E /* AppDelegate.swift */ = {isa = PBXFileReference; lastKnownFileType = sourcecode.swift; path = AppDelegate.swift; sourceTree = "<group>"; };
		7086CB0623C8D8F10019D47E /* Base */ = {isa = PBXFileReference; lastKnownFileType = file.storyboard; name = Base; path = Base.lproj/Main.storyboard; sourceTree = "<group>"; };
		7086CB0823C8D8F40019D47E /* Assets.xcassets */ = {isa = PBXFileReference; lastKnownFileType = folder.assetcatalog; path = Assets.xcassets; sourceTree = "<group>"; };
		7086CB0B23C8D8F40019D47E /* Base */ = {isa = PBXFileReference; lastKnownFileType = file.storyboard; name = Base; path = Base.lproj/LaunchScreen.storyboard; sourceTree = "<group>"; };
		7086CB0D23C8D8F40019D47E /* Info.plist */ = {isa = PBXFileReference; lastKnownFileType = text.plist.xml; path = Info.plist; sourceTree = "<group>"; };
		7086CB1323C8DACF0019D47E /* MainMenuTableViewController.swift */ = {isa = PBXFileReference; lastKnownFileType = sourcecode.swift; path = MainMenuTableViewController.swift; sourceTree = "<group>"; };
		7086CB1523CC80100019D47E /* TestMemfaultApi.m */ = {isa = PBXFileReference; fileEncoding = 4; lastKnownFileType = sourcecode.c.objc; path = TestMemfaultApi.m; sourceTree = "<group>"; };
		70EC1F012417D18700224004 /* TestTemporaryChunkQueue.m */ = {isa = PBXFileReference; fileEncoding = 4; lastKnownFileType = sourcecode.c.objc; path = TestTemporaryChunkQueue.m; sourceTree = "<group>"; usesTabs = 0; };
		70EC1F032417E51B00224004 /* TestChunkSenderRegistry.m */ = {isa = PBXFileReference; fileEncoding = 4; lastKnownFileType = sourcecode.c.objc; path = TestChunkSenderRegistry.m; sourceTree = "<group>"; };
		7C582FDEAC26129EB7FC7564 /* Pods_MemfaultCloudExample.framework */ = {isa = PBXFileReference; explicitFileType = wrapper.framework; includeInIndex = 0; path = Pods_MemfaultCloudExample.framework; sourceTree = BUILT_PRODUCTS_DIR; };
		7F9B44766A5A44C41E8FAD0F /* Pods-MemfaultCloud_DemoApp.debug.xcconfig */ = {isa = PBXFileReference; includeInIndex = 1; lastKnownFileType = text.xcconfig; name = "Pods-MemfaultCloud_DemoApp.debug.xcconfig"; path = "Target Support Files/Pods-MemfaultCloud_DemoApp/Pods-MemfaultCloud_DemoApp.debug.xcconfig"; sourceTree = "<group>"; };
		9CDA900D133CA489F9104286 /* Pods_MemfaultCloud_Tests.framework */ = {isa = PBXFileReference; explicitFileType = wrapper.framework; includeInIndex = 0; path = Pods_MemfaultCloud_Tests.framework; sourceTree = BUILT_PRODUCTS_DIR; };
		CF22763CFDB4193FE75CF153 /* MemfaultCloud.podspec */ = {isa = PBXFileReference; includeInIndex = 1; lastKnownFileType = text; name = MemfaultCloud.podspec; path = ../MemfaultCloud.podspec; sourceTree = "<group>"; xcLanguageSpecificationIdentifier = xcode.lang.ruby; };
		F7844F3D97FDC9CD84E6C428 /* Pods_MemfaultCloud_Example.framework */ = {isa = PBXFileReference; explicitFileType = wrapper.framework; includeInIndex = 0; path = Pods_MemfaultCloud_Example.framework; sourceTree = BUILT_PRODUCTS_DIR; };
/* End PBXFileReference section */

/* Begin PBXFrameworksBuildPhase section */
		6003F5AB195388D20070C39A /* Frameworks */ = {
			isa = PBXFrameworksBuildPhase;
			buildActionMask = 2147483647;
			files = (
				6003F5B0195388D20070C39A /* XCTest.framework in Frameworks */,
				6003F5B2195388D20070C39A /* UIKit.framework in Frameworks */,
				6003F5B1195388D20070C39A /* Foundation.framework in Frameworks */,
				D015AABEA720F7B10EAA6AAE /* Pods_MemfaultCloud_Tests.framework in Frameworks */,
			);
			runOnlyForDeploymentPostprocessing = 0;
		};
		7086CAFA23C8D8F10019D47E /* Frameworks */ = {
			isa = PBXFrameworksBuildPhase;
			buildActionMask = 2147483647;
			files = (
				6290DAC22E90A81F2DF03446 /* Pods_MemfaultCloud_DemoApp.framework in Frameworks */,
			);
			runOnlyForDeploymentPostprocessing = 0;
		};
/* End PBXFrameworksBuildPhase section */

/* Begin PBXGroup section */
		6003F581195388D10070C39A = {
			isa = PBXGroup;
			children = (
				60FF7A9C1954A5C5007DD14C /* Podspec Metadata */,
				6003F5B5195388D20070C39A /* Tests */,
				7086CAFE23C8D8F10019D47E /* MemfaultCloud_DemoApp */,
				6003F58C195388D20070C39A /* Frameworks */,
				6003F58B195388D20070C39A /* Products */,
				EF5731A156A0B72D059CEAB1 /* Pods */,
			);
			sourceTree = "<group>";
		};
		6003F58B195388D20070C39A /* Products */ = {
			isa = PBXGroup;
			children = (
				6003F5AE195388D20070C39A /* MemfaultCloud_Tests.xctest */,
				7086CAFD23C8D8F10019D47E /* MemfaultCloud_DemoApp.app */,
			);
			name = Products;
			sourceTree = "<group>";
		};
		6003F58C195388D20070C39A /* Frameworks */ = {
			isa = PBXGroup;
			children = (
				6003F58D195388D20070C39A /* Foundation.framework */,
				6003F58F195388D20070C39A /* CoreGraphics.framework */,
				6003F591195388D20070C39A /* UIKit.framework */,
				6003F5AF195388D20070C39A /* XCTest.framework */,
				F7844F3D97FDC9CD84E6C428 /* Pods_MemfaultCloud_Example.framework */,
				9CDA900D133CA489F9104286 /* Pods_MemfaultCloud_Tests.framework */,
				7C582FDEAC26129EB7FC7564 /* Pods_MemfaultCloudExample.framework */,
				03118EF0B9B3BC01E836DA89 /* Pods_MemfaultCloud_DemoApp.framework */,
			);
			name = Frameworks;
			sourceTree = "<group>";
		};
		6003F5B5195388D20070C39A /* Tests */ = {
			isa = PBXGroup;
			children = (
				7086CB1523CC80100019D47E /* TestMemfaultApi.m */,
				7013651623CCEE1D002C9584 /* TestMemfaultApiPostChunks.m */,
				70EC1F012417D18700224004 /* TestTemporaryChunkQueue.m */,
				707B260A24196B9700000CAB /* TestChunkSender.m */,
				70EC1F032417E51B00224004 /* TestChunkSenderRegistry.m */,
				6003F5B6195388D20070C39A /* Supporting Files */,
			);
			path = Tests;
			sourceTree = "<group>";
		};
		6003F5B6195388D20070C39A /* Supporting Files */ = {
			isa = PBXGroup;
			children = (
				6003F5B7195388D20070C39A /* Tests-Info.plist */,
				6003F5B8195388D20070C39A /* InfoPlist.strings */,
				606FC2411953D9B200FFA9A0 /* Tests-Prefix.pch */,
			);
			name = "Supporting Files";
			sourceTree = "<group>";
		};
		60FF7A9C1954A5C5007DD14C /* Podspec Metadata */ = {
			isa = PBXGroup;
			children = (
				CF22763CFDB4193FE75CF153 /* MemfaultCloud.podspec */,
				387559F387DF403786397F74 /* README.md */,
				55F0033D84760CC726EF33C9 /* LICENSE */,
			);
			name = "Podspec Metadata";
			sourceTree = "<group>";
		};
		7086CAFE23C8D8F10019D47E /* MemfaultCloud_DemoApp */ = {
			isa = PBXGroup;
			children = (
				7086CAFF23C8D8F10019D47E /* AppDelegate.swift */,
				7086CB1323C8DACF0019D47E /* MainMenuTableViewController.swift */,
				7086CB0523C8D8F10019D47E /* Main.storyboard */,
				7086CB0823C8D8F40019D47E /* Assets.xcassets */,
				7086CB0A23C8D8F40019D47E /* LaunchScreen.storyboard */,
				7086CB0D23C8D8F40019D47E /* Info.plist */,
			);
			path = MemfaultCloud_DemoApp;
			sourceTree = "<group>";
		};
		EF5731A156A0B72D059CEAB1 /* Pods */ = {
			isa = PBXGroup;
			children = (
				64422A639E9762783A1E9226 /* Pods-MemfaultCloud_Tests.debug.xcconfig */,
				3EFDEA096A593AB4709221D5 /* Pods-MemfaultCloud_Tests.release.xcconfig */,
				7F9B44766A5A44C41E8FAD0F /* Pods-MemfaultCloud_DemoApp.debug.xcconfig */,
				68911372CC3E6985A20D1B6F /* Pods-MemfaultCloud_DemoApp.release.xcconfig */,
			);
			path = Pods;
			sourceTree = "<group>";
		};
/* End PBXGroup section */

/* Begin PBXNativeTarget section */
		6003F5AD195388D20070C39A /* MemfaultCloud_Tests */ = {
			isa = PBXNativeTarget;
			buildConfigurationList = 6003F5C2195388D20070C39A /* Build configuration list for PBXNativeTarget "MemfaultCloud_Tests" */;
			buildPhases = (
				0C5E4DE310DC3FA771A0B40A /* [CP] Check Pods Manifest.lock */,
				6003F5AA195388D20070C39A /* Sources */,
				6003F5AB195388D20070C39A /* Frameworks */,
				6003F5AC195388D20070C39A /* Resources */,
				224ADE4B0276AE0A219DB494 /* [CP] Embed Pods Frameworks */,
			);
			buildRules = (
			);
			dependencies = (
				7086CB1223C8D94A0019D47E /* PBXTargetDependency */,
			);
			name = MemfaultCloud_Tests;
			productName = MemfaultCloudTests;
			productReference = 6003F5AE195388D20070C39A /* MemfaultCloud_Tests.xctest */;
			productType = "com.apple.product-type.bundle.unit-test";
		};
		7086CAFC23C8D8F10019D47E /* MemfaultCloud_DemoApp */ = {
			isa = PBXNativeTarget;
			buildConfigurationList = 7086CB0E23C8D8F40019D47E /* Build configuration list for PBXNativeTarget "MemfaultCloud_DemoApp" */;
			buildPhases = (
				A7743F4B00E991551258A203 /* [CP] Check Pods Manifest.lock */,
				7086CAF923C8D8F10019D47E /* Sources */,
				7086CAFA23C8D8F10019D47E /* Frameworks */,
				7086CAFB23C8D8F10019D47E /* Resources */,
				F1A3C096F67506A87D52106D /* [CP] Embed Pods Frameworks */,
			);
			buildRules = (
			);
			dependencies = (
			);
			name = MemfaultCloud_DemoApp;
			productName = MemfaultCloud_DemoApp;
			productReference = 7086CAFD23C8D8F10019D47E /* MemfaultCloud_DemoApp.app */;
			productType = "com.apple.product-type.application";
		};
/* End PBXNativeTarget section */

/* Begin PBXProject section */
		6003F582195388D10070C39A /* Project object */ = {
			isa = PBXProject;
			attributes = {
				CLASSPREFIX = MFLT;
				LastSwiftUpdateCheck = 1130;
				LastUpgradeCheck = 1130;
				ORGANIZATIONNAME = "Memfault Inc";
				TargetAttributes = {
					6003F5AD195388D20070C39A = {
						TestTargetID = 7086CAFC23C8D8F10019D47E;
					};
					7086CAFC23C8D8F10019D47E = {
						CreatedOnToolsVersion = 11.3;
						DevelopmentTeam = F27WYZT9H8;
						ProvisioningStyle = Automatic;
					};
				};
			};
			buildConfigurationList = 6003F585195388D10070C39A /* Build configuration list for PBXProject "MemfaultCloud" */;
			compatibilityVersion = "Xcode 3.2";
			developmentRegion = en;
			hasScannedForEncodings = 0;
			knownRegions = (
				en,
				Base,
			);
			mainGroup = 6003F581195388D10070C39A;
			productRefGroup = 6003F58B195388D20070C39A /* Products */;
			projectDirPath = "";
			projectRoot = "";
			targets = (
				6003F5AD195388D20070C39A /* MemfaultCloud_Tests */,
				7086CAFC23C8D8F10019D47E /* MemfaultCloud_DemoApp */,
			);
		};
/* End PBXProject section */

/* Begin PBXResourcesBuildPhase section */
		6003F5AC195388D20070C39A /* Resources */ = {
			isa = PBXResourcesBuildPhase;
			buildActionMask = 2147483647;
			files = (
				6003F5BA195388D20070C39A /* InfoPlist.strings in Resources */,
			);
			runOnlyForDeploymentPostprocessing = 0;
		};
		7086CAFB23C8D8F10019D47E /* Resources */ = {
			isa = PBXResourcesBuildPhase;
			buildActionMask = 2147483647;
			files = (
				7086CB0C23C8D8F40019D47E /* LaunchScreen.storyboard in Resources */,
				7086CB0923C8D8F40019D47E /* Assets.xcassets in Resources */,
				7086CB0723C8D8F10019D47E /* Main.storyboard in Resources */,
			);
			runOnlyForDeploymentPostprocessing = 0;
		};
/* End PBXResourcesBuildPhase section */

/* Begin PBXShellScriptBuildPhase section */
		0C5E4DE310DC3FA771A0B40A /* [CP] Check Pods Manifest.lock */ = {
			isa = PBXShellScriptBuildPhase;
			buildActionMask = 2147483647;
			files = (
			);
			inputFileListPaths = (
			);
			inputPaths = (
				"${PODS_PODFILE_DIR_PATH}/Podfile.lock",
				"${PODS_ROOT}/Manifest.lock",
			);
			name = "[CP] Check Pods Manifest.lock";
			outputFileListPaths = (
			);
			outputPaths = (
				"$(DERIVED_FILE_DIR)/Pods-MemfaultCloud_Tests-checkManifestLockResult.txt",
			);
			runOnlyForDeploymentPostprocessing = 0;
			shellPath = /bin/sh;
			shellScript = "diff \"${PODS_PODFILE_DIR_PATH}/Podfile.lock\" \"${PODS_ROOT}/Manifest.lock\" > /dev/null\nif [ $? != 0 ] ; then\n    # print error to STDERR\n    echo \"error: The sandbox is not in sync with the Podfile.lock. Run 'pod install' or update your CocoaPods installation.\" >&2\n    exit 1\nfi\n# This output is used by Xcode 'outputs' to avoid re-running this script phase.\necho \"SUCCESS\" > \"${SCRIPT_OUTPUT_FILE_0}\"\n";
			showEnvVarsInLog = 0;
		};
		224ADE4B0276AE0A219DB494 /* [CP] Embed Pods Frameworks */ = {
			isa = PBXShellScriptBuildPhase;
			buildActionMask = 2147483647;
			files = (
			);
			inputPaths = (
				"${PODS_ROOT}/Target Support Files/Pods-MemfaultCloud_Tests/Pods-MemfaultCloud_Tests-frameworks.sh",
				"${BUILT_PRODUCTS_DIR}/Expecta/Expecta.framework",
				"${BUILT_PRODUCTS_DIR}/OCHamcrest/OCHamcrest.framework",
				"${BUILT_PRODUCTS_DIR}/OCMockito/OCMockito.framework",
				"${BUILT_PRODUCTS_DIR}/Specta/Specta.framework",
			);
			name = "[CP] Embed Pods Frameworks";
			outputPaths = (
				"${TARGET_BUILD_DIR}/${FRAMEWORKS_FOLDER_PATH}/Expecta.framework",
				"${TARGET_BUILD_DIR}/${FRAMEWORKS_FOLDER_PATH}/OCHamcrest.framework",
				"${TARGET_BUILD_DIR}/${FRAMEWORKS_FOLDER_PATH}/OCMockito.framework",
				"${TARGET_BUILD_DIR}/${FRAMEWORKS_FOLDER_PATH}/Specta.framework",
			);
			runOnlyForDeploymentPostprocessing = 0;
			shellPath = /bin/sh;
			shellScript = "\"${PODS_ROOT}/Target Support Files/Pods-MemfaultCloud_Tests/Pods-MemfaultCloud_Tests-frameworks.sh\"\n";
			showEnvVarsInLog = 0;
		};
		A7743F4B00E991551258A203 /* [CP] Check Pods Manifest.lock */ = {
			isa = PBXShellScriptBuildPhase;
			buildActionMask = 2147483647;
			files = (
			);
			inputFileListPaths = (
			);
			inputPaths = (
				"${PODS_PODFILE_DIR_PATH}/Podfile.lock",
				"${PODS_ROOT}/Manifest.lock",
			);
			name = "[CP] Check Pods Manifest.lock";
			outputFileListPaths = (
			);
			outputPaths = (
				"$(DERIVED_FILE_DIR)/Pods-MemfaultCloud_DemoApp-checkManifestLockResult.txt",
			);
			runOnlyForDeploymentPostprocessing = 0;
			shellPath = /bin/sh;
			shellScript = "diff \"${PODS_PODFILE_DIR_PATH}/Podfile.lock\" \"${PODS_ROOT}/Manifest.lock\" > /dev/null\nif [ $? != 0 ] ; then\n    # print error to STDERR\n    echo \"error: The sandbox is not in sync with the Podfile.lock. Run 'pod install' or update your CocoaPods installation.\" >&2\n    exit 1\nfi\n# This output is used by Xcode 'outputs' to avoid re-running this script phase.\necho \"SUCCESS\" > \"${SCRIPT_OUTPUT_FILE_0}\"\n";
			showEnvVarsInLog = 0;
		};
		F1A3C096F67506A87D52106D /* [CP] Embed Pods Frameworks */ = {
			isa = PBXShellScriptBuildPhase;
			buildActionMask = 2147483647;
			files = (
			);
			inputPaths = (
				"${PODS_ROOT}/Target Support Files/Pods-MemfaultCloud_DemoApp/Pods-MemfaultCloud_DemoApp-frameworks.sh",
				"${BUILT_PRODUCTS_DIR}/MemfaultCloud/MemfaultCloud.framework",
			);
			name = "[CP] Embed Pods Frameworks";
			outputPaths = (
				"${TARGET_BUILD_DIR}/${FRAMEWORKS_FOLDER_PATH}/MemfaultCloud.framework",
			);
			runOnlyForDeploymentPostprocessing = 0;
			shellPath = /bin/sh;
			shellScript = "\"${PODS_ROOT}/Target Support Files/Pods-MemfaultCloud_DemoApp/Pods-MemfaultCloud_DemoApp-frameworks.sh\"\n";
			showEnvVarsInLog = 0;
		};
/* End PBXShellScriptBuildPhase section */

/* Begin PBXSourcesBuildPhase section */
		6003F5AA195388D20070C39A /* Sources */ = {
			isa = PBXSourcesBuildPhase;
			buildActionMask = 2147483647;
			files = (
				707B260B24196B9700000CAB /* TestChunkSender.m in Sources */,
				7086CB1723CC80100019D47E /* TestMemfaultApi.m in Sources */,
				70EC1F022417D18700224004 /* TestTemporaryChunkQueue.m in Sources */,
				7013651723CCEE1E002C9584 /* TestMemfaultApiPostChunks.m in Sources */,
				70EC1F042417E51B00224004 /* TestChunkSenderRegistry.m in Sources */,
			);
			runOnlyForDeploymentPostprocessing = 0;
		};
		7086CAF923C8D8F10019D47E /* Sources */ = {
			isa = PBXSourcesBuildPhase;
			buildActionMask = 2147483647;
			files = (
				7086CB0023C8D8F10019D47E /* AppDelegate.swift in Sources */,
				7086CB1423C8DACF0019D47E /* MainMenuTableViewController.swift in Sources */,
			);
			runOnlyForDeploymentPostprocessing = 0;
		};
/* End PBXSourcesBuildPhase section */

/* Begin PBXTargetDependency section */
		7086CB1223C8D94A0019D47E /* PBXTargetDependency */ = {
			isa = PBXTargetDependency;
			target = 7086CAFC23C8D8F10019D47E /* MemfaultCloud_DemoApp */;
			targetProxy = 7086CB1123C8D94A0019D47E /* PBXContainerItemProxy */;
		};
/* End PBXTargetDependency section */

/* Begin PBXVariantGroup section */
		6003F5B8195388D20070C39A /* InfoPlist.strings */ = {
			isa = PBXVariantGroup;
			children = (
				6003F5B9195388D20070C39A /* en */,
			);
			name = InfoPlist.strings;
			sourceTree = "<group>";
		};
		7086CB0523C8D8F10019D47E /* Main.storyboard */ = {
			isa = PBXVariantGroup;
			children = (
				7086CB0623C8D8F10019D47E /* Base */,
			);
			name = Main.storyboard;
			sourceTree = "<group>";
		};
		7086CB0A23C8D8F40019D47E /* LaunchScreen.storyboard */ = {
			isa = PBXVariantGroup;
			children = (
				7086CB0B23C8D8F40019D47E /* Base */,
			);
			name = LaunchScreen.storyboard;
			sourceTree = "<group>";
		};
/* End PBXVariantGroup section */

/* Begin XCBuildConfiguration section */
		6003F5BD195388D20070C39A /* Debug */ = {
			isa = XCBuildConfiguration;
			buildSettings = {
				ALWAYS_SEARCH_USER_PATHS = NO;
				CLANG_ANALYZER_LOCALIZABILITY_NONLOCALIZED = YES;
				CLANG_CXX_LANGUAGE_STANDARD = "gnu++0x";
				CLANG_CXX_LIBRARY = "libc++";
				CLANG_ENABLE_MODULES = YES;
				CLANG_ENABLE_OBJC_ARC = YES;
				CLANG_WARN_BLOCK_CAPTURE_AUTORELEASING = YES;
				CLANG_WARN_BOOL_CONVERSION = YES;
				CLANG_WARN_COMMA = YES;
				CLANG_WARN_CONSTANT_CONVERSION = YES;
				CLANG_WARN_DEPRECATED_OBJC_IMPLEMENTATIONS = YES;
				CLANG_WARN_DIRECT_OBJC_ISA_USAGE = YES_ERROR;
				CLANG_WARN_EMPTY_BODY = YES;
				CLANG_WARN_ENUM_CONVERSION = YES;
				CLANG_WARN_INFINITE_RECURSION = YES;
				CLANG_WARN_INT_CONVERSION = YES;
				CLANG_WARN_NON_LITERAL_NULL_CONVERSION = YES;
				CLANG_WARN_OBJC_IMPLICIT_RETAIN_SELF = YES;
				CLANG_WARN_OBJC_LITERAL_CONVERSION = YES;
				CLANG_WARN_OBJC_ROOT_CLASS = YES_ERROR;
				CLANG_WARN_RANGE_LOOP_ANALYSIS = YES;
				CLANG_WARN_STRICT_PROTOTYPES = YES;
				CLANG_WARN_SUSPICIOUS_MOVE = YES;
				CLANG_WARN_UNREACHABLE_CODE = YES;
				CLANG_WARN__DUPLICATE_METHOD_MATCH = YES;
				"CODE_SIGN_IDENTITY[sdk=iphoneos*]" = "iPhone Developer";
				COPY_PHASE_STRIP = NO;
				ENABLE_STRICT_OBJC_MSGSEND = YES;
				ENABLE_TESTABILITY = YES;
				GCC_C_LANGUAGE_STANDARD = gnu99;
				GCC_DYNAMIC_NO_PIC = NO;
				GCC_NO_COMMON_BLOCKS = YES;
				GCC_OPTIMIZATION_LEVEL = 0;
				GCC_PREPROCESSOR_DEFINITIONS = (
					"DEBUG=1",
					"$(inherited)",
				);
				GCC_SYMBOLS_PRIVATE_EXTERN = NO;
				GCC_WARN_64_TO_32_BIT_CONVERSION = YES;
				GCC_WARN_ABOUT_RETURN_TYPE = YES_ERROR;
				GCC_WARN_UNDECLARED_SELECTOR = YES;
				GCC_WARN_UNINITIALIZED_AUTOS = YES_AGGRESSIVE;
				GCC_WARN_UNUSED_FUNCTION = YES;
				GCC_WARN_UNUSED_VARIABLE = YES;
				IPHONEOS_DEPLOYMENT_TARGET = 10.0;
				ONLY_ACTIVE_ARCH = YES;
				SDKROOT = iphoneos;
				TARGETED_DEVICE_FAMILY = "1,2";
			};
			name = Debug;
		};
		6003F5BE195388D20070C39A /* Release */ = {
			isa = XCBuildConfiguration;
			buildSettings = {
				ALWAYS_SEARCH_USER_PATHS = NO;
				CLANG_ANALYZER_LOCALIZABILITY_NONLOCALIZED = YES;
				CLANG_CXX_LANGUAGE_STANDARD = "gnu++0x";
				CLANG_CXX_LIBRARY = "libc++";
				CLANG_ENABLE_MODULES = YES;
				CLANG_ENABLE_OBJC_ARC = YES;
				CLANG_WARN_BLOCK_CAPTURE_AUTORELEASING = YES;
				CLANG_WARN_BOOL_CONVERSION = YES;
				CLANG_WARN_COMMA = YES;
				CLANG_WARN_CONSTANT_CONVERSION = YES;
				CLANG_WARN_DEPRECATED_OBJC_IMPLEMENTATIONS = YES;
				CLANG_WARN_DIRECT_OBJC_ISA_USAGE = YES_ERROR;
				CLANG_WARN_EMPTY_BODY = YES;
				CLANG_WARN_ENUM_CONVERSION = YES;
				CLANG_WARN_INFINITE_RECURSION = YES;
				CLANG_WARN_INT_CONVERSION = YES;
				CLANG_WARN_NON_LITERAL_NULL_CONVERSION = YES;
				CLANG_WARN_OBJC_IMPLICIT_RETAIN_SELF = YES;
				CLANG_WARN_OBJC_LITERAL_CONVERSION = YES;
				CLANG_WARN_OBJC_ROOT_CLASS = YES_ERROR;
				CLANG_WARN_RANGE_LOOP_ANALYSIS = YES;
				CLANG_WARN_STRICT_PROTOTYPES = YES;
				CLANG_WARN_SUSPICIOUS_MOVE = YES;
				CLANG_WARN_UNREACHABLE_CODE = YES;
				CLANG_WARN__DUPLICATE_METHOD_MATCH = YES;
				"CODE_SIGN_IDENTITY[sdk=iphoneos*]" = "iPhone Developer";
				COPY_PHASE_STRIP = YES;
				ENABLE_NS_ASSERTIONS = NO;
				ENABLE_STRICT_OBJC_MSGSEND = YES;
				GCC_C_LANGUAGE_STANDARD = gnu99;
				GCC_NO_COMMON_BLOCKS = YES;
				GCC_WARN_64_TO_32_BIT_CONVERSION = YES;
				GCC_WARN_ABOUT_RETURN_TYPE = YES_ERROR;
				GCC_WARN_UNDECLARED_SELECTOR = YES;
				GCC_WARN_UNINITIALIZED_AUTOS = YES_AGGRESSIVE;
				GCC_WARN_UNUSED_FUNCTION = YES;
				GCC_WARN_UNUSED_VARIABLE = YES;
				IPHONEOS_DEPLOYMENT_TARGET = 10.0;
				SDKROOT = iphoneos;
				TARGETED_DEVICE_FAMILY = "1,2";
				VALIDATE_PRODUCT = YES;
			};
			name = Release;
		};
		6003F5C3195388D20070C39A /* Debug */ = {
			isa = XCBuildConfiguration;
			baseConfigurationReference = 64422A639E9762783A1E9226 /* Pods-MemfaultCloud_Tests.debug.xcconfig */;
			buildSettings = {
				ALWAYS_EMBED_SWIFT_STANDARD_LIBRARIES = YES;
				FRAMEWORK_SEARCH_PATHS = (
					"$(PLATFORM_DIR)/Developer/Library/Frameworks",
					"$(inherited)",
					"$(DEVELOPER_FRAMEWORKS_DIR)",
				);
				GCC_PRECOMPILE_PREFIX_HEADER = YES;
				GCC_PREFIX_HEADER = "Tests/Tests-Prefix.pch";
				GCC_PREPROCESSOR_DEFINITIONS = (
					"DEBUG=1",
					"$(inherited)",
				);
				HEADER_SEARCH_PATHS = (
					"\"${SRCROOT}/../MemfaultCloud/Classes\"",
					"$(inherited)",
					"\"${PODS_CONFIGURATION_BUILD_DIR}/Expecta/Expecta.framework/Headers\"",
					"\"${PODS_CONFIGURATION_BUILD_DIR}/MemfaultCloud/MemfaultCloud.framework/Headers\"",
					"\"${PODS_CONFIGURATION_BUILD_DIR}/OCHamcrest/OCHamcrest.framework/Headers\"",
					"\"${PODS_CONFIGURATION_BUILD_DIR}/OCMockito/OCMockito.framework/Headers\"",
					"\"${PODS_CONFIGURATION_BUILD_DIR}/Specta/Specta.framework/Headers\"",
				);
				INFOPLIST_FILE = "Tests/Tests-Info.plist";
				PRODUCT_BUNDLE_IDENTIFIER = "org.cocoapods.demo.${PRODUCT_NAME:rfc1034identifier}";
				PRODUCT_NAME = "$(TARGET_NAME)";
				SWIFT_VERSION = 4.0;
				TEST_HOST = "$(BUILT_PRODUCTS_DIR)/MemfaultCloud_DemoApp.app/MemfaultCloud_DemoApp";
				WRAPPER_EXTENSION = xctest;
			};
			name = Debug;
		};
		6003F5C4195388D20070C39A /* Release */ = {
			isa = XCBuildConfiguration;
			baseConfigurationReference = 3EFDEA096A593AB4709221D5 /* Pods-MemfaultCloud_Tests.release.xcconfig */;
			buildSettings = {
				ALWAYS_EMBED_SWIFT_STANDARD_LIBRARIES = YES;
				FRAMEWORK_SEARCH_PATHS = (
					"$(PLATFORM_DIR)/Developer/Library/Frameworks",
					"$(inherited)",
					"$(DEVELOPER_FRAMEWORKS_DIR)",
				);
				GCC_PRECOMPILE_PREFIX_HEADER = YES;
				GCC_PREFIX_HEADER = "Tests/Tests-Prefix.pch";
				HEADER_SEARCH_PATHS = (
					"\"${SRCROOT}/../MemfaultCloud/Classes\"",
					"$(inherited)",
					"\"${PODS_CONFIGURATION_BUILD_DIR}/Expecta/Expecta.framework/Headers\"",
					"\"${PODS_CONFIGURATION_BUILD_DIR}/MemfaultCloud/MemfaultCloud.framework/Headers\"",
					"\"${PODS_CONFIGURATION_BUILD_DIR}/OCHamcrest/OCHamcrest.framework/Headers\"",
					"\"${PODS_CONFIGURATION_BUILD_DIR}/OCMockito/OCMockito.framework/Headers\"",
					"\"${PODS_CONFIGURATION_BUILD_DIR}/Specta/Specta.framework/Headers\"",
				);
				INFOPLIST_FILE = "Tests/Tests-Info.plist";
				PRODUCT_BUNDLE_IDENTIFIER = "org.cocoapods.demo.${PRODUCT_NAME:rfc1034identifier}";
				PRODUCT_NAME = "$(TARGET_NAME)";
				SWIFT_VERSION = 4.0;
				TEST_HOST = "$(BUILT_PRODUCTS_DIR)/MemfaultCloud_DemoApp.app/MemfaultCloud_DemoApp";
				WRAPPER_EXTENSION = xctest;
			};
			name = Release;
		};
		7086CB0F23C8D8F40019D47E /* Debug */ = {
			isa = XCBuildConfiguration;
			baseConfigurationReference = 7F9B44766A5A44C41E8FAD0F /* Pods-MemfaultCloud_DemoApp.debug.xcconfig */;
			buildSettings = {
				ASSETCATALOG_COMPILER_APPICON_NAME = AppIcon;
				CLANG_ANALYZER_NONNULL = YES;
				CLANG_ANALYZER_NUMBER_OBJECT_CONVERSION = YES_AGGRESSIVE;
				CLANG_CXX_LANGUAGE_STANDARD = "gnu++14";
				CLANG_ENABLE_OBJC_WEAK = YES;
				CLANG_WARN_DOCUMENTATION_COMMENTS = YES;
				CLANG_WARN_UNGUARDED_AVAILABILITY = YES_AGGRESSIVE;
				CODE_SIGN_STYLE = Automatic;
				DEBUG_INFORMATION_FORMAT = dwarf;
				DEVELOPMENT_TEAM = F27WYZT9H8;
				GCC_C_LANGUAGE_STANDARD = gnu11;
				INFOPLIST_FILE = MemfaultCloud_DemoApp/Info.plist;
				IPHONEOS_DEPLOYMENT_TARGET = 10.3;
				LD_RUNPATH_SEARCH_PATHS = "$(inherited) @executable_path/Frameworks";
				MTL_ENABLE_DEBUG_INFO = INCLUDE_SOURCE;
				MTL_FAST_MATH = YES;
				PRODUCT_BUNDLE_IDENTIFIER = "com.memfault.MemfaultCloud-DemoApp";
				PRODUCT_NAME = "$(TARGET_NAME)";
				SWIFT_ACTIVE_COMPILATION_CONDITIONS = DEBUG;
				SWIFT_OPTIMIZATION_LEVEL = "-Onone";
				SWIFT_VERSION = 5.0;
				TARGETED_DEVICE_FAMILY = "1,2";
			};
			name = Debug;
		};
		7086CB1023C8D8F40019D47E /* Release */ = {
			isa = XCBuildConfiguration;
			baseConfigurationReference = 68911372CC3E6985A20D1B6F /* Pods-MemfaultCloud_DemoApp.release.xcconfig */;
			buildSettings = {
				ASSETCATALOG_COMPILER_APPICON_NAME = AppIcon;
				CLANG_ANALYZER_NONNULL = YES;
				CLANG_ANALYZER_NUMBER_OBJECT_CONVERSION = YES_AGGRESSIVE;
				CLANG_CXX_LANGUAGE_STANDARD = "gnu++14";
				CLANG_ENABLE_OBJC_WEAK = YES;
				CLANG_WARN_DOCUMENTATION_COMMENTS = YES;
				CLANG_WARN_UNGUARDED_AVAILABILITY = YES_AGGRESSIVE;
				CODE_SIGN_STYLE = Automatic;
				COPY_PHASE_STRIP = NO;
				DEBUG_INFORMATION_FORMAT = "dwarf-with-dsym";
				DEVELOPMENT_TEAM = F27WYZT9H8;
				GCC_C_LANGUAGE_STANDARD = gnu11;
				INFOPLIST_FILE = MemfaultCloud_DemoApp/Info.plist;
				IPHONEOS_DEPLOYMENT_TARGET = 10.3;
				LD_RUNPATH_SEARCH_PATHS = "$(inherited) @executable_path/Frameworks";
				MTL_ENABLE_DEBUG_INFO = NO;
				MTL_FAST_MATH = YES;
				PRODUCT_BUNDLE_IDENTIFIER = "com.memfault.MemfaultCloud-DemoApp";
				PRODUCT_NAME = "$(TARGET_NAME)";
				SWIFT_OPTIMIZATION_LEVEL = "-Owholemodule";
				SWIFT_VERSION = 5.0;
				TARGETED_DEVICE_FAMILY = "1,2";
			};
			name = Release;
		};
/* End XCBuildConfiguration section */

/* Begin XCConfigurationList section */
		6003F585195388D10070C39A /* Build configuration list for PBXProject "MemfaultCloud" */ = {
			isa = XCConfigurationList;
			buildConfigurations = (
				6003F5BD195388D20070C39A /* Debug */,
				6003F5BE195388D20070C39A /* Release */,
			);
			defaultConfigurationIsVisible = 0;
			defaultConfigurationName = Release;
		};
		6003F5C2195388D20070C39A /* Build configuration list for PBXNativeTarget "MemfaultCloud_Tests" */ = {
			isa = XCConfigurationList;
			buildConfigurations = (
				6003F5C3195388D20070C39A /* Debug */,
				6003F5C4195388D20070C39A /* Release */,
			);
			defaultConfigurationIsVisible = 0;
			defaultConfigurationName = Release;
		};
		7086CB0E23C8D8F40019D47E /* Build configuration list for PBXNativeTarget "MemfaultCloud_DemoApp" */ = {
			isa = XCConfigurationList;
			buildConfigurations = (
				7086CB0F23C8D8F40019D47E /* Debug */,
				7086CB1023C8D8F40019D47E /* Release */,
			);
			defaultConfigurationIsVisible = 0;
			defaultConfigurationName = Release;
		};
/* End XCConfigurationList section */
	};
	rootObject = 6003F582195388D10070C39A /* Project object */;
}
